
Microsoft Visual Studio Solution File, Format Version 12.00
# Visual Studio Version 17
VisualStudioVersion = 17.11.35303.130
MinimumVisualStudioVersion = 10.0.40219.1
Project("{FAE04EC0-301F-11D3-BF4B-00C04F79EFBC}") = "UASKI", "UASKI\UASKI.csproj", "{F8361499-DCAF-411F-BDB2-EFCAB26C6CAF}"
EndProject
Project("{FAE04EC0-301F-11D3-BF4B-00C04F79EFBC}") = "UASKI.Data", "UASKI.Data\UASKI.Data.csproj", "{7D6F6C3A-4174-454F-9020-49ADD6A0DF5A}"
EndProject
Global
	GlobalSection(SolutionConfigurationPlatforms) = preSolution
		Debug|Any CPU = Debug|Any CPU
		Release|Any CPU = Release|Any CPU
	EndGlobalSection
	GlobalSection(ProjectConfigurationPlatforms) = postSolution
		{F8361499-DCAF-411F-BDB2-EFCAB26C6CAF}.Debug|Any CPU.ActiveCfg = Release|Any CPU
		{F8361499-DCAF-411F-BDB2-EFCAB26C6CAF}.Debug|Any CPU.Build.0 = Release|Any CPU
		{F8361499-DCAF-411F-BDB2-EFCAB26C6CAF}.Release|Any CPU.ActiveCfg = Release|Any CPU
		{F8361499-DCAF-411F-BDB2-EFCAB26C6CAF}.Release|Any CPU.Build.0 = Release|Any CPU
		{7D6F6C3A-4174-454F-9020-49ADD6A0DF5A}.Debug|Any CPU.ActiveCfg = Release|Any CPU
		{7D6F6C3A-4174-454F-9020-49ADD6A0DF5A}.Debug|Any CPU.Build.0 = Release|Any CPU
		{7D6F6C3A-4174-454F-9020-49ADD6A0DF5A}.Release|Any CPU.ActiveCfg = Release|Any CPU
		{7D6F6C3A-4174-454F-9020-49ADD6A0DF5A}.Release|Any CPU.Build.0 = Release|Any CPU
	EndGlobalSection
	GlobalSection(SolutionProperties) = preSolution
		HideSolutionNode = FALSE
	EndGlobalSection
	GlobalSection(ExtensibilityGlobals) = postSolution
		SolutionGuid = {A7FCE63E-7EDA-42D4-AAE4-80673626B6A9}
	EndGlobalSection
EndGlobal
